
Microsoft Visual Studio Solution File, Format Version 12.00
# Visual Studio 15
VisualStudioVersion = 15.0.28307.645
MinimumVisualStudioVersion = 10.0.40219.1
Project("{FAE04EC0-301F-11D3-BF4B-00C04F79EFBC}") = "ControlServer", "ControlServer\ControlServer.csproj", "{8EAC5E40-0915-464A-AC0A-28648660D21A}"
EndProject
Global
	GlobalSection(SolutionConfigurationPlatforms) = preSolution
		Debug|Any CPU = Debug|Any CPU
		Release|Any CPU = Release|Any CPU
	EndGlobalSection
	GlobalSection(ProjectConfigurationPlatforms) = postSolution
		{8EAC5E40-0915-464A-AC0A-28648660D21A}.Debug|Any CPU.ActiveCfg = Debug|Any CPU
		{8EAC5E40-0915-464A-AC0A-28648660D21A}.Debug|Any CPU.Build.0 = Debug|Any CPU
		{8EAC5E40-0915-464A-AC0A-28648660D21A}.Release|Any CPU.ActiveCfg = Release|Any CPU
		{8EAC5E40-0915-464A-AC0A-28648660D21A}.Release|Any CPU.Build.0 = Release|Any CPU
	EndGlobalSection
	GlobalSection(SolutionProperties) = preSolution
		HideSolutionNode = FALSE
	EndGlobalSection
	GlobalSection(ExtensibilityGlobals) = postSolution
		SolutionGuid = {995F700E-4EE4-4FC7-9D13-89D9935086ED}
	EndGlobalSection
EndGlobal
